// !$*UTF8*$!
{
	archiveVersion = 1;
	classes = {
	};
	objectVersion = 46;
	objects = {

/* Begin PBXBuildFile section */
		EA067A2D1C9EB65E00CD426B /* AppDelegate.swift in Sources */ = {isa = PBXBuildFile; fileRef = EA067A2C1C9EB65E00CD426B /* AppDelegate.swift */; };
		EA067A2F1C9EB65E00CD426B /* ViewController.swift in Sources */ = {isa = PBXBuildFile; fileRef = EA067A2E1C9EB65E00CD426B /* ViewController.swift */; };
		EA067A321C9EB65E00CD426B /* Main.storyboard in Resources */ = {isa = PBXBuildFile; fileRef = EA067A301C9EB65E00CD426B /* Main.storyboard */; };
		EA067A341C9EB65E00CD426B /* icona3.png in Resources */ = {isa = PBXBuildFile; fileRef = EA067A331C9EB65E00CD426B /* icona3.png */; };
		EA067A371C9EB65E00CD426B /* LaunchScreen.storyboard in Resources */ = {isa = PBXBuildFile; fileRef = EA067A351C9EB65E00CD426B /* LaunchScreen.storyboard */; };
		EA067A421C9EB65E00CD426B /* tesiswiftTests.swift in Sources */ = {isa = PBXBuildFile; fileRef = EA067A411C9EB65E00CD426B /* tesiswiftTests.swift */; };
		EA067A4D1C9EB65E00CD426B /* tesiswiftUITests.swift in Sources */ = {isa = PBXBuildFile; fileRef = EA067A4C1C9EB65E00CD426B /* tesiswiftUITests.swift */; };
		EA067A5F1C9F0B5800CD426B /* Alamofire.framework in Frameworks */ = {isa = PBXBuildFile; fileRef = EA067A5E1C9F0B5800CD426B /* Alamofire.framework */; };
		EA067A601C9F0C6800CD426B /* Alamofire.framework in Frameworks */ = {isa = PBXBuildFile; fileRef = EA067A5E1C9F0B5800CD426B /* Alamofire.framework */; };
		EA067A611C9F0C6800CD426B /* Alamofire.framework in Embed Frameworks */ = {isa = PBXBuildFile; fileRef = EA067A5E1C9F0B5800CD426B /* Alamofire.framework */; settings = {ATTRIBUTES = (CodeSignOnCopy, RemoveHeadersOnCopy, ); }; };
		EA067A641C9F1D4500CD426B /* BlynkClient.swift in Sources */ = {isa = PBXBuildFile; fileRef = EA067A631C9F1D4500CD426B /* BlynkClient.swift */; };
		EA067A661C9F290B00CD426B /* PeriodicReader.swift in Sources */ = {isa = PBXBuildFile; fileRef = EA067A651C9F290B00CD426B /* PeriodicReader.swift */; };
		EA3DFDC81CAB1A5500B5BBA8 /* top passivo.png in Resources */ = {isa = PBXBuildFile; fileRef = EA3DFDC71CAB1A5500B5BBA8 /* top passivo.png */; };
		EA3DFDCA1CAB1B6300B5BBA8 /* auto.png in Resources */ = {isa = PBXBuildFile; fileRef = EA3DFDC91CAB1B6300B5BBA8 /* auto.png */; };
		EA3DFDCC1CAB396800B5BBA8 /* manual.png in Resources */ = {isa = PBXBuildFile; fileRef = EA3DFDCB1CAB396800B5BBA8 /* manual.png */; };
		EA3DFDCE1CAB39B200B5BBA8 /* manuale.png in Resources */ = {isa = PBXBuildFile; fileRef = EA3DFDCD1CAB39B200B5BBA8 /* manuale.png */; };
		EA3DFDD01CAB3AD300B5BBA8 /* bottom passivo.png in Resources */ = {isa = PBXBuildFile; fileRef = EA3DFDCF1CAB3AD300B5BBA8 /* bottom passivo.png */; };
		EA3DFDD21CAB3BF200B5BBA8 /* auto 2.png in Resources */ = {isa = PBXBuildFile; fileRef = EA3DFDD11CAB3BF200B5BBA8 /* auto 2.png */; };
		EA3DFDD41CAB3C9800B5BBA8 /* auto 3.png in Resources */ = {isa = PBXBuildFile; fileRef = EA3DFDD31CAB3C9800B5BBA8 /* auto 3.png */; };
		EA5957881CAAC5E500BAFEA3 /* top2x.png in Resources */ = {isa = PBXBuildFile; fileRef = EA5957871CAAC5E500BAFEA3 /* top2x.png */; };
		EA59578F1CAAC6F200BAFEA3 /* Auto off2x.png in Resources */ = {isa = PBXBuildFile; fileRef = EA5957891CAAC6F200BAFEA3 /* Auto off2x.png */; };
		EA5957901CAAC6F200BAFEA3 /* Auto on2x.png in Resources */ = {isa = PBXBuildFile; fileRef = EA59578A1CAAC6F200BAFEA3 /* Auto on2x.png */; };
		EA5957911CAAC6F200BAFEA3 /* Auto press2x.png in Resources */ = {isa = PBXBuildFile; fileRef = EA59578B1CAAC6F200BAFEA3 /* Auto press2x.png */; };
		EA5957921CAAC6F200BAFEA3 /* Manual off2x.png in Resources */ = {isa = PBXBuildFile; fileRef = EA59578C1CAAC6F200BAFEA3 /* Manual off2x.png */; };
		EA5957931CAAC6F200BAFEA3 /* Manual on2x.png in Resources */ = {isa = PBXBuildFile; fileRef = EA59578D1CAAC6F200BAFEA3 /* Manual on2x.png */; };
		EA5957941CAAC6F200BAFEA3 /* Manual press2x.png in Resources */ = {isa = PBXBuildFile; fileRef = EA59578E1CAAC6F200BAFEA3 /* Manual press2x.png */; };
		EA5957961CAAC97D00BAFEA3 /* Livingroom.png in Resources */ = {isa = PBXBuildFile; fileRef = EA5957951CAAC97D00BAFEA3 /* Livingroom.png */; };
		EA5957981CAACB4000BAFEA3 /* bedroom.png in Resources */ = {isa = PBXBuildFile; fileRef = EA5957971CAACB4000BAFEA3 /* bedroom.png */; };
		EA59579D1CAACCAC00BAFEA3 /* Down.png in Resources */ = {isa = PBXBuildFile; fileRef = EA5957991CAACCAC00BAFEA3 /* Down.png */; };
		EA59579E1CAACCAC00BAFEA3 /* Up.png in Resources */ = {isa = PBXBuildFile; fileRef = EA59579A1CAACCAC00BAFEA3 /* Up.png */; };
		EA59579F1CAACCAC00BAFEA3 /* Upfc.png in Resources */ = {isa = PBXBuildFile; fileRef = EA59579B1CAACCAC00BAFEA3 /* Upfc.png */; };
		EA5957A01CAACCAC00BAFEA3 /* Downfc.png in Resources */ = {isa = PBXBuildFile; fileRef = EA59579C1CAACCAC00BAFEA3 /* Downfc.png */; };
		EA5957A51CAACCFF00BAFEA3 /* Uppress.png in Resources */ = {isa = PBXBuildFile; fileRef = EA5957A11CAACCFF00BAFEA3 /* Uppress.png */; };
		EA5957A61CAACCFF00BAFEA3 /* Downpress.png in Resources */ = {isa = PBXBuildFile; fileRef = EA5957A21CAACCFF00BAFEA3 /* Downpress.png */; };
		EA5957A71CAACCFF00BAFEA3 /* Upfcpress.png in Resources */ = {isa = PBXBuildFile; fileRef = EA5957A31CAACCFF00BAFEA3 /* Upfcpress.png */; };
		EA5957A81CAACCFF00BAFEA3 /* Downfcpress.png in Resources */ = {isa = PBXBuildFile; fileRef = EA5957A41CAACCFF00BAFEA3 /* Downfcpress.png */; };
		EA5957AE1CAAD2E100BAFEA3 /* Images.xcassets in Resources */ = {isa = PBXBuildFile; fileRef = EA5957AD1CAAD2E100BAFEA3 /* Images.xcassets */; };
		EA5957B21CAAD3BC00BAFEA3 /* tesiicona.png in Resources */ = {isa = PBXBuildFile; fileRef = EA5957B11CAAD3BC00BAFEA3 /* tesiicona.png */; };
		EA5957B91CAAD55800BAFEA3 /* tesiicona60x3.png in Resources */ = {isa = PBXBuildFile; fileRef = EA5957B31CAAD55800BAFEA3 /* tesiicona60x3.png */; };
		EA5957BA1CAAD55800BAFEA3 /* tesiicona40x3.png in Resources */ = {isa = PBXBuildFile; fileRef = EA5957B41CAAD55800BAFEA3 /* tesiicona40x3.png */; };
		EA5957BB1CAAD55800BAFEA3 /* tesiicona60x2.png in Resources */ = {isa = PBXBuildFile; fileRef = EA5957B51CAAD55800BAFEA3 /* tesiicona60x2.png */; };
		EA5957BC1CAAD55800BAFEA3 /* tesiicona29x3.png in Resources */ = {isa = PBXBuildFile; fileRef = EA5957B61CAAD55800BAFEA3 /* tesiicona29x3.png */; };
		EA5957BD1CAAD55800BAFEA3 /* tesiicona40x2.png in Resources */ = {isa = PBXBuildFile; fileRef = EA5957B71CAAD55800BAFEA3 /* tesiicona40x2.png */; };
		EA5957BE1CAAD55800BAFEA3 /* tesiicona29x2.png in Resources */ = {isa = PBXBuildFile; fileRef = EA5957B81CAAD55800BAFEA3 /* tesiicona29x2.png */; };
		EA5957C01CAAEB3300BAFEA3 /* slide.png in Resources */ = {isa = PBXBuildFile; fileRef = EA5957BF1CAAEB3300BAFEA3 /* slide.png */; };
		EA5957C21CAAEE5300BAFEA3 /* basso.png in Resources */ = {isa = PBXBuildFile; fileRef = EA5957C11CAAEE5300BAFEA3 /* basso.png */; };
		EA5957C51CAAEF9100BAFEA3 /* automatic.png in Resources */ = {isa = PBXBuildFile; fileRef = EA5957C31CAAEF9100BAFEA3 /* automatic.png */; };
		EA5957C61CAAEF9100BAFEA3 /* manual.png in Resources */ = {isa = PBXBuildFile; fileRef = EA5957C41CAAEF9100BAFEA3 /* manual.png */; };
		EA5957C81CAAF8C900BAFEA3 /* giallo.png in Resources */ = {isa = PBXBuildFile; fileRef = EA5957C71CAAF8C900BAFEA3 /* giallo.png */; };
		EA5957CA1CAAFA2200BAFEA3 /* pianta.png in Resources */ = {isa = PBXBuildFile; fileRef = EA5957C91CAAFA2200BAFEA3 /* pianta.png */; };
		EA5957CE1CAAFE2F00BAFEA3 /* matransition.png in Resources */ = {isa = PBXBuildFile; fileRef = EA5957CB1CAAFE2F00BAFEA3 /* matransition.png */; };
		EA5957CF1CAAFE2F00BAFEA3 /* m.png in Resources */ = {isa = PBXBuildFile; fileRef = EA5957CC1CAAFE2F00BAFEA3 /* m.png */; };
		EA5957D01CAAFE2F00BAFEA3 /* A.png in Resources */ = {isa = PBXBuildFile; fileRef = EA5957CD1CAAFE2F00BAFEA3 /* A.png */; };
/* End PBXBuildFile section */

/* Begin PBXContainerItemProxy section */
		EA067A3E1C9EB65E00CD426B /* PBXContainerItemProxy */ = {
			isa = PBXContainerItemProxy;
			containerPortal = EA067A211C9EB65E00CD426B /* Project object */;
			proxyType = 1;
			remoteGlobalIDString = EA067A281C9EB65E00CD426B;
			remoteInfo = tesiswift;
		};
		EA067A491C9EB65E00CD426B /* PBXContainerItemProxy */ = {
			isa = PBXContainerItemProxy;
			containerPortal = EA067A211C9EB65E00CD426B /* Project object */;
			proxyType = 1;
			remoteGlobalIDString = EA067A281C9EB65E00CD426B;
			remoteInfo = tesiswift;
		};
/* End PBXContainerItemProxy section */

/* Begin PBXCopyFilesBuildPhase section */
		EA067A621C9F0C6800CD426B /* Embed Frameworks */ = {
			isa = PBXCopyFilesBuildPhase;
			buildActionMask = 2147483647;
			dstPath = "";
			dstSubfolderSpec = 10;
			files = (
				EA067A611C9F0C6800CD426B /* Alamofire.framework in Embed Frameworks */,
			);
			name = "Embed Frameworks";
			runOnlyForDeploymentPostprocessing = 0;
		};
/* End PBXCopyFilesBuildPhase section */

/* Begin PBXFileReference section */
		EA067A291C9EB65E00CD426B /* tesiswift.app */ = {isa = PBXFileReference; explicitFileType = wrapper.application; includeInIndex = 0; path = tesiswift.app; sourceTree = BUILT_PRODUCTS_DIR; };
		EA067A2C1C9EB65E00CD426B /* AppDelegate.swift */ = {isa = PBXFileReference; lastKnownFileType = sourcecode.swift; path = AppDelegate.swift; sourceTree = "<group>"; };
		EA067A2E1C9EB65E00CD426B /* ViewController.swift */ = {isa = PBXFileReference; lastKnownFileType = sourcecode.swift; path = ViewController.swift; sourceTree = "<group>"; };
		EA067A311C9EB65E00CD426B /* Base */ = {isa = PBXFileReference; lastKnownFileType = file.storyboard; name = Base; path = Base.lproj/Main.storyboard; sourceTree = "<group>"; };
		EA067A331C9EB65E00CD426B /* icona3.png */ = {isa = PBXFileReference; lastKnownFileType = image.png; name = icona3.png; path = "/Users/anto/Desktop/tenda git/tesiswift/tesiswift/icona3.png"; sourceTree = "<absolute>"; };
		EA067A361C9EB65E00CD426B /* Base */ = {isa = PBXFileReference; lastKnownFileType = file.storyboard; name = Base; path = Base.lproj/LaunchScreen.storyboard; sourceTree = "<group>"; };
		EA067A381C9EB65E00CD426B /* Info.plist */ = {isa = PBXFileReference; lastKnownFileType = text.plist.xml; path = Info.plist; sourceTree = "<group>"; };
		EA067A3D1C9EB65E00CD426B /* tesiswiftTests.xctest */ = {isa = PBXFileReference; explicitFileType = wrapper.cfbundle; includeInIndex = 0; path = tesiswiftTests.xctest; sourceTree = BUILT_PRODUCTS_DIR; };
		EA067A411C9EB65E00CD426B /* tesiswiftTests.swift */ = {isa = PBXFileReference; lastKnownFileType = sourcecode.swift; path = tesiswiftTests.swift; sourceTree = "<group>"; };
		EA067A431C9EB65E00CD426B /* Info.plist */ = {isa = PBXFileReference; lastKnownFileType = text.plist.xml; path = Info.plist; sourceTree = "<group>"; };
		EA067A481C9EB65E00CD426B /* tesiswiftUITests.xctest */ = {isa = PBXFileReference; explicitFileType = wrapper.cfbundle; includeInIndex = 0; path = tesiswiftUITests.xctest; sourceTree = BUILT_PRODUCTS_DIR; };
		EA067A4C1C9EB65E00CD426B /* tesiswiftUITests.swift */ = {isa = PBXFileReference; lastKnownFileType = sourcecode.swift; path = tesiswiftUITests.swift; sourceTree = "<group>"; };
		EA067A4E1C9EB65E00CD426B /* Info.plist */ = {isa = PBXFileReference; lastKnownFileType = text.plist.xml; path = Info.plist; sourceTree = "<group>"; };
		EA067A5E1C9F0B5800CD426B /* Alamofire.framework */ = {isa = PBXFileReference; lastKnownFileType = wrapper.framework; name = Alamofire.framework; path = Carthage/Build/iOS/Alamofire.framework; sourceTree = "<group>"; };
		EA067A631C9F1D4500CD426B /* BlynkClient.swift */ = {isa = PBXFileReference; fileEncoding = 4; lastKnownFileType = sourcecode.swift; path = BlynkClient.swift; sourceTree = "<group>"; };
		EA067A651C9F290B00CD426B /* PeriodicReader.swift */ = {isa = PBXFileReference; fileEncoding = 4; lastKnownFileType = sourcecode.swift; path = PeriodicReader.swift; sourceTree = "<group>"; };
		EA3DFDC71CAB1A5500B5BBA8 /* top passivo.png */ = {isa = PBXFileReference; lastKnownFileType = image.png; path = "top passivo.png"; sourceTree = "<group>"; };
		EA3DFDC91CAB1B6300B5BBA8 /* auto.png */ = {isa = PBXFileReference; lastKnownFileType = image.png; path = auto.png; sourceTree = "<group>"; };
		EA3DFDCB1CAB396800B5BBA8 /* manual.png */ = {isa = PBXFileReference; lastKnownFileType = image.png; path = manual.png; sourceTree = "<group>"; };
		EA3DFDCD1CAB39B200B5BBA8 /* manuale.png */ = {isa = PBXFileReference; lastKnownFileType = image.png; path = manuale.png; sourceTree = "<group>"; };
		EA3DFDCF1CAB3AD300B5BBA8 /* bottom passivo.png */ = {isa = PBXFileReference; lastKnownFileType = image.png; path = "bottom passivo.png"; sourceTree = "<group>"; };
		EA3DFDD11CAB3BF200B5BBA8 /* auto 2.png */ = {isa = PBXFileReference; lastKnownFileType = image.png; path = "auto 2.png"; sourceTree = "<group>"; };
		EA3DFDD31CAB3C9800B5BBA8 /* auto 3.png */ = {isa = PBXFileReference; lastKnownFileType = image.png; path = "auto 3.png"; sourceTree = "<group>"; };
		EA5957871CAAC5E500BAFEA3 /* top2x.png */ = {isa = PBXFileReference; lastKnownFileType = image.png; path = top2x.png; sourceTree = "<group>"; };
		EA5957891CAAC6F200BAFEA3 /* Auto off2x.png */ = {isa = PBXFileReference; lastKnownFileType = image.png; path = "Auto off2x.png"; sourceTree = "<group>"; };
		EA59578A1CAAC6F200BAFEA3 /* Auto on2x.png */ = {isa = PBXFileReference; lastKnownFileType = image.png; path = "Auto on2x.png"; sourceTree = "<group>"; };
		EA59578B1CAAC6F200BAFEA3 /* Auto press2x.png */ = {isa = PBXFileReference; lastKnownFileType = image.png; path = "Auto press2x.png"; sourceTree = "<group>"; };
		EA59578C1CAAC6F200BAFEA3 /* Manual off2x.png */ = {isa = PBXFileReference; lastKnownFileType = image.png; path = "Manual off2x.png"; sourceTree = "<group>"; };
		EA59578D1CAAC6F200BAFEA3 /* Manual on2x.png */ = {isa = PBXFileReference; lastKnownFileType = image.png; path = "Manual on2x.png"; sourceTree = "<group>"; };
		EA59578E1CAAC6F200BAFEA3 /* Manual press2x.png */ = {isa = PBXFileReference; lastKnownFileType = image.png; path = "Manual press2x.png"; sourceTree = "<group>"; };
		EA5957951CAAC97D00BAFEA3 /* Livingroom.png */ = {isa = PBXFileReference; lastKnownFileType = image.png; path = Livingroom.png; sourceTree = "<group>"; };
		EA5957971CAACB4000BAFEA3 /* bedroom.png */ = {isa = PBXFileReference; lastKnownFileType = image.png; path = bedroom.png; sourceTree = "<group>"; };
		EA5957991CAACCAC00BAFEA3 /* Down.png */ = {isa = PBXFileReference; lastKnownFileType = image.png; path = Down.png; sourceTree = "<group>"; };
		EA59579A1CAACCAC00BAFEA3 /* Up.png */ = {isa = PBXFileReference; lastKnownFileType = image.png; path = Up.png; sourceTree = "<group>"; };
		EA59579B1CAACCAC00BAFEA3 /* Upfc.png */ = {isa = PBXFileReference; lastKnownFileType = image.png; path = Upfc.png; sourceTree = "<group>"; };
		EA59579C1CAACCAC00BAFEA3 /* Downfc.png */ = {isa = PBXFileReference; lastKnownFileType = image.png; path = Downfc.png; sourceTree = "<group>"; };
		EA5957A11CAACCFF00BAFEA3 /* Uppress.png */ = {isa = PBXFileReference; lastKnownFileType = image.png; path = Uppress.png; sourceTree = "<group>"; };
		EA5957A21CAACCFF00BAFEA3 /* Downpress.png */ = {isa = PBXFileReference; lastKnownFileType = image.png; path = Downpress.png; sourceTree = "<group>"; };
		EA5957A31CAACCFF00BAFEA3 /* Upfcpress.png */ = {isa = PBXFileReference; lastKnownFileType = image.png; path = Upfcpress.png; sourceTree = "<group>"; };
		EA5957A41CAACCFF00BAFEA3 /* Downfcpress.png */ = {isa = PBXFileReference; lastKnownFileType = image.png; path = Downfcpress.png; sourceTree = "<group>"; };
		EA5957AD1CAAD2E100BAFEA3 /* Images.xcassets */ = {isa = PBXFileReference; lastKnownFileType = folder.assetcatalog; path = Images.xcassets; sourceTree = "<group>"; };
		EA5957B11CAAD3BC00BAFEA3 /* tesiicona.png */ = {isa = PBXFileReference; lastKnownFileType = image.png; path = tesiicona.png; sourceTree = "<group>"; };
		EA5957B31CAAD55800BAFEA3 /* tesiicona60x3.png */ = {isa = PBXFileReference; lastKnownFileType = image.png; path = tesiicona60x3.png; sourceTree = "<group>"; };
		EA5957B41CAAD55800BAFEA3 /* tesiicona40x3.png */ = {isa = PBXFileReference; lastKnownFileType = image.png; path = tesiicona40x3.png; sourceTree = "<group>"; };
		EA5957B51CAAD55800BAFEA3 /* tesiicona60x2.png */ = {isa = PBXFileReference; lastKnownFileType = image.png; path = tesiicona60x2.png; sourceTree = "<group>"; };
		EA5957B61CAAD55800BAFEA3 /* tesiicona29x3.png */ = {isa = PBXFileReference; lastKnownFileType = image.png; path = tesiicona29x3.png; sourceTree = "<group>"; };
		EA5957B71CAAD55800BAFEA3 /* tesiicona40x2.png */ = {isa = PBXFileReference; lastKnownFileType = image.png; path = tesiicona40x2.png; sourceTree = "<group>"; };
		EA5957B81CAAD55800BAFEA3 /* tesiicona29x2.png */ = {isa = PBXFileReference; lastKnownFileType = image.png; path = tesiicona29x2.png; sourceTree = "<group>"; };
		EA5957BF1CAAEB3300BAFEA3 /* slide.png */ = {isa = PBXFileReference; lastKnownFileType = image.png; path = slide.png; sourceTree = "<group>"; };
		EA5957C11CAAEE5300BAFEA3 /* basso.png */ = {isa = PBXFileReference; lastKnownFileType = image.png; path = basso.png; sourceTree = "<group>"; };
		EA5957C31CAAEF9100BAFEA3 /* automatic.png */ = {isa = PBXFileReference; lastKnownFileType = image.png; path = automatic.png; sourceTree = "<group>"; };
		EA5957C41CAAEF9100BAFEA3 /* manual.png */ = {isa = PBXFileReference; lastKnownFileType = image.png; path = manual.png; sourceTree = "<group>"; };
		EA5957C71CAAF8C900BAFEA3 /* giallo.png */ = {isa = PBXFileReference; lastKnownFileType = image.png; path = giallo.png; sourceTree = "<group>"; };
		EA5957C91CAAFA2200BAFEA3 /* pianta.png */ = {isa = PBXFileReference; lastKnownFileType = image.png; path = pianta.png; sourceTree = "<group>"; };
		EA5957CB1CAAFE2F00BAFEA3 /* matransition.png */ = {isa = PBXFileReference; lastKnownFileType = image.png; path = matransition.png; sourceTree = "<group>"; };
		EA5957CC1CAAFE2F00BAFEA3 /* m.png */ = {isa = PBXFileReference; lastKnownFileType = image.png; path = m.png; sourceTree = "<group>"; };
		EA5957CD1CAAFE2F00BAFEA3 /* A.png */ = {isa = PBXFileReference; lastKnownFileType = image.png; path = A.png; sourceTree = "<group>"; };
/* End PBXFileReference section */

/* Begin PBXFrameworksBuildPhase section */
		EA067A261C9EB65E00CD426B /* Frameworks */ = {
			isa = PBXFrameworksBuildPhase;
			buildActionMask = 2147483647;
			files = (
				EA067A5F1C9F0B5800CD426B /* Alamofire.framework in Frameworks */,
				EA067A601C9F0C6800CD426B /* Alamofire.framework in Frameworks */,
			);
			runOnlyForDeploymentPostprocessing = 0;
		};
		EA067A3A1C9EB65E00CD426B /* Frameworks */ = {
			isa = PBXFrameworksBuildPhase;
			buildActionMask = 2147483647;
			files = (
			);
			runOnlyForDeploymentPostprocessing = 0;
		};
		EA067A451C9EB65E00CD426B /* Frameworks */ = {
			isa = PBXFrameworksBuildPhase;
			buildActionMask = 2147483647;
			files = (
			);
			runOnlyForDeploymentPostprocessing = 0;
		};
/* End PBXFrameworksBuildPhase section */

/* Begin PBXGroup section */
		EA067A201C9EB65E00CD426B = {
			isa = PBXGroup;
			children = (
				EA067A2B1C9EB65E00CD426B /* tesiswift */,
				EA067A401C9EB65E00CD426B /* tesiswiftTests */,
				EA067A4B1C9EB65E00CD426B /* tesiswiftUITests */,
				EA067A2A1C9EB65E00CD426B /* Products */,
				EA067A5E1C9F0B5800CD426B /* Alamofire.framework */,
			);
			sourceTree = "<group>";
		};
		EA067A2A1C9EB65E00CD426B /* Products */ = {
			isa = PBXGroup;
			children = (
				EA067A291C9EB65E00CD426B /* tesiswift.app */,
				EA067A3D1C9EB65E00CD426B /* tesiswiftTests.xctest */,
				EA067A481C9EB65E00CD426B /* tesiswiftUITests.xctest */,
			);
			name = Products;
			sourceTree = "<group>";
		};
		EA067A2B1C9EB65E00CD426B /* tesiswift */ = {
			isa = PBXGroup;
			children = (
				EA5957771CAABF9A00BAFEA3 /* supporting files */,
				EA067A2C1C9EB65E00CD426B /* AppDelegate.swift */,
				EA067A2E1C9EB65E00CD426B /* ViewController.swift */,
				EA067A301C9EB65E00CD426B /* Main.storyboard */,
				EA067A351C9EB65E00CD426B /* LaunchScreen.storyboard */,
				EA067A381C9EB65E00CD426B /* Info.plist */,
				EA067A631C9F1D4500CD426B /* BlynkClient.swift */,
				EA067A651C9F290B00CD426B /* PeriodicReader.swift */,
				EA5957AD1CAAD2E100BAFEA3 /* Images.xcassets */,
			);
			path = tesiswift;
			sourceTree = "<group>";
		};
		EA067A401C9EB65E00CD426B /* tesiswiftTests */ = {
			isa = PBXGroup;
			children = (
				EA067A411C9EB65E00CD426B /* tesiswiftTests.swift */,
				EA067A431C9EB65E00CD426B /* Info.plist */,
			);
			path = tesiswiftTests;
			sourceTree = "<group>";
		};
		EA067A4B1C9EB65E00CD426B /* tesiswiftUITests */ = {
			isa = PBXGroup;
			children = (
				EA067A4C1C9EB65E00CD426B /* tesiswiftUITests.swift */,
				EA067A4E1C9EB65E00CD426B /* Info.plist */,
			);
			path = tesiswiftUITests;
			sourceTree = "<group>";
		};
		EA5957771CAABF9A00BAFEA3 /* supporting files */ = {
			isa = PBXGroup;
			children = (
				EA5957781CAABFAB00BAFEA3 /* Graphics */,
			);
			name = "supporting files";
			sourceTree = "<group>";
		};
		EA5957781CAABFAB00BAFEA3 /* Graphics */ = {
			isa = PBXGroup;
			children = (
				EA3DFDC91CAB1B6300B5BBA8 /* auto.png */,
				EA3DFDC71CAB1A5500B5BBA8 /* top passivo.png */,
				EA5957CB1CAAFE2F00BAFEA3 /* matransition.png */,
				EA5957CC1CAAFE2F00BAFEA3 /* m.png */,
				EA5957CD1CAAFE2F00BAFEA3 /* A.png */,
				EA5957C11CAAEE5300BAFEA3 /* basso.png */,
				EA3DFDD31CAB3C9800B5BBA8 /* auto 3.png */,
				EA3DFDD11CAB3BF200B5BBA8 /* auto 2.png */,
				EA3DFDCB1CAB396800B5BBA8 /* manual.png */,
				EA3DFDCD1CAB39B200B5BBA8 /* manuale.png */,
				EA5957BF1CAAEB3300BAFEA3 /* slide.png */,
				EA3DFDCF1CAB3AD300B5BBA8 /* bottom passivo.png */,
				EA067A331C9EB65E00CD426B /* icona3.png */,
				EA5957891CAAC6F200BAFEA3 /* Auto off2x.png */,
				EA59578A1CAAC6F200BAFEA3 /* Auto on2x.png */,
				EA59578B1CAAC6F200BAFEA3 /* Auto press2x.png */,
				EA5957C31CAAEF9100BAFEA3 /* automatic.png */,
				EA5957C41CAAEF9100BAFEA3 /* manual.png */,
				EA5957B11CAAD3BC00BAFEA3 /* tesiicona.png */,
				EA59578C1CAAC6F200BAFEA3 /* Manual off2x.png */,
				EA5957C71CAAF8C900BAFEA3 /* giallo.png */,
				EA5957C91CAAFA2200BAFEA3 /* pianta.png */,
				EA5957B31CAAD55800BAFEA3 /* tesiicona60x3.png */,
				EA5957B41CAAD55800BAFEA3 /* tesiicona40x3.png */,
				EA5957B51CAAD55800BAFEA3 /* tesiicona60x2.png */,
				EA5957B61CAAD55800BAFEA3 /* tesiicona29x3.png */,
				EA5957B71CAAD55800BAFEA3 /* tesiicona40x2.png */,
				EA5957B81CAAD55800BAFEA3 /* tesiicona29x2.png */,
				EA5957991CAACCAC00BAFEA3 /* Down.png */,
				EA5957A11CAACCFF00BAFEA3 /* Uppress.png */,
				EA5957A21CAACCFF00BAFEA3 /* Downpress.png */,
				EA5957A31CAACCFF00BAFEA3 /* Upfcpress.png */,
				EA5957A41CAACCFF00BAFEA3 /* Downfcpress.png */,
				EA59579A1CAACCAC00BAFEA3 /* Up.png */,
				EA59579B1CAACCAC00BAFEA3 /* Upfc.png */,
				EA59579C1CAACCAC00BAFEA3 /* Downfc.png */,
				EA5957951CAAC97D00BAFEA3 /* Livingroom.png */,
				EA5957971CAACB4000BAFEA3 /* bedroom.png */,
				EA59578D1CAAC6F200BAFEA3 /* Manual on2x.png */,
				EA59578E1CAAC6F200BAFEA3 /* Manual press2x.png */,
				EA5957871CAAC5E500BAFEA3 /* top2x.png */,
			);
			name = Graphics;
			sourceTree = "<group>";
		};
/* End PBXGroup section */

/* Begin PBXNativeTarget section */
		EA067A281C9EB65E00CD426B /* tesiswift */ = {
			isa = PBXNativeTarget;
			buildConfigurationList = EA067A511C9EB65E00CD426B /* Build configuration list for PBXNativeTarget "tesiswift" */;
			buildPhases = (
				EA067A251C9EB65E00CD426B /* Sources */,
				EA067A261C9EB65E00CD426B /* Frameworks */,
				EA067A271C9EB65E00CD426B /* Resources */,
				EA067A621C9F0C6800CD426B /* Embed Frameworks */,
			);
			buildRules = (
			);
			dependencies = (
			);
			name = tesiswift;
			productName = tesiswift;
			productReference = EA067A291C9EB65E00CD426B /* tesiswift.app */;
			productType = "com.apple.product-type.application";
		};
		EA067A3C1C9EB65E00CD426B /* tesiswiftTests */ = {
			isa = PBXNativeTarget;
			buildConfigurationList = EA067A541C9EB65E00CD426B /* Build configuration list for PBXNativeTarget "tesiswiftTests" */;
			buildPhases = (
				EA067A391C9EB65E00CD426B /* Sources */,
				EA067A3A1C9EB65E00CD426B /* Frameworks */,
				EA067A3B1C9EB65E00CD426B /* Resources */,
			);
			buildRules = (
			);
			dependencies = (
				EA067A3F1C9EB65E00CD426B /* PBXTargetDependency */,
			);
			name = tesiswiftTests;
			productName = tesiswiftTests;
			productReference = EA067A3D1C9EB65E00CD426B /* tesiswiftTests.xctest */;
			productType = "com.apple.product-type.bundle.unit-test";
		};
		EA067A471C9EB65E00CD426B /* tesiswiftUITests */ = {
			isa = PBXNativeTarget;
			buildConfigurationList = EA067A571C9EB65E00CD426B /* Build configuration list for PBXNativeTarget "tesiswiftUITests" */;
			buildPhases = (
				EA067A441C9EB65E00CD426B /* Sources */,
				EA067A451C9EB65E00CD426B /* Frameworks */,
				EA067A461C9EB65E00CD426B /* Resources */,
			);
			buildRules = (
			);
			dependencies = (
				EA067A4A1C9EB65E00CD426B /* PBXTargetDependency */,
			);
			name = tesiswiftUITests;
			productName = tesiswiftUITests;
			productReference = EA067A481C9EB65E00CD426B /* tesiswiftUITests.xctest */;
			productType = "com.apple.product-type.bundle.ui-testing";
		};
/* End PBXNativeTarget section */

/* Begin PBXProject section */
		EA067A211C9EB65E00CD426B /* Project object */ = {
			isa = PBXProject;
			attributes = {
				LastSwiftUpdateCheck = 0720;
				LastUpgradeCheck = 0720;
				ORGANIZATIONNAME = Anto;
				TargetAttributes = {
					EA067A281C9EB65E00CD426B = {
						CreatedOnToolsVersion = 7.2.1;
						DevelopmentTeam = 3Y42H37B42;
					};
					EA067A3C1C9EB65E00CD426B = {
						CreatedOnToolsVersion = 7.2.1;
						DevelopmentTeam = 3Y42H37B42;
						TestTargetID = EA067A281C9EB65E00CD426B;
					};
					EA067A471C9EB65E00CD426B = {
						CreatedOnToolsVersion = 7.2.1;
						DevelopmentTeam = 3Y42H37B42;
						TestTargetID = EA067A281C9EB65E00CD426B;
					};
				};
			};
			buildConfigurationList = EA067A241C9EB65E00CD426B /* Build configuration list for PBXProject "tesiswift" */;
			compatibilityVersion = "Xcode 3.2";
			developmentRegion = English;
			hasScannedForEncodings = 0;
			knownRegions = (
				en,
				Base,
			);
			mainGroup = EA067A201C9EB65E00CD426B;
			productRefGroup = EA067A2A1C9EB65E00CD426B /* Products */;
			projectDirPath = "";
			projectRoot = "";
			targets = (
				EA067A281C9EB65E00CD426B /* tesiswift */,
				EA067A3C1C9EB65E00CD426B /* tesiswiftTests */,
				EA067A471C9EB65E00CD426B /* tesiswiftUITests */,
			);
		};
/* End PBXProject section */

/* Begin PBXResourcesBuildPhase section */
		EA067A271C9EB65E00CD426B /* Resources */ = {
			isa = PBXResourcesBuildPhase;
			buildActionMask = 2147483647;
			files = (
				EA3DFDD21CAB3BF200B5BBA8 /* auto 2.png in Resources */,
				EA5957CE1CAAFE2F00BAFEA3 /* matransition.png in Resources */,
				EA5957A51CAACCFF00BAFEA3 /* Uppress.png in Resources */,
				EA5957AE1CAAD2E100BAFEA3 /* Images.xcassets in Resources */,
				EA5957BA1CAAD55800BAFEA3 /* tesiicona40x3.png in Resources */,
				EA5957C81CAAF8C900BAFEA3 /* giallo.png in Resources */,
				EA5957A71CAACCFF00BAFEA3 /* Upfcpress.png in Resources */,
				EA5957B91CAAD55800BAFEA3 /* tesiicona60x3.png in Resources */,
				EA067A371C9EB65E00CD426B /* LaunchScreen.storyboard in Resources */,
				EA067A341C9EB65E00CD426B /* icona3.png in Resources */,
				EA5957CF1CAAFE2F00BAFEA3 /* m.png in Resources */,
				EA3DFDC81CAB1A5500B5BBA8 /* top passivo.png in Resources */,
				EA3DFDCC1CAB396800B5BBA8 /* manual.png in Resources */,
				EA5957BB1CAAD55800BAFEA3 /* tesiicona60x2.png in Resources */,
				EA5957D01CAAFE2F00BAFEA3 /* A.png in Resources */,
				EA5957941CAAC6F200BAFEA3 /* Manual press2x.png in Resources */,
				EA5957881CAAC5E500BAFEA3 /* top2x.png in Resources */,
				EA3DFDD41CAB3C9800B5BBA8 /* auto 3.png in Resources */,
				EA5957B21CAAD3BC00BAFEA3 /* tesiicona.png in Resources */,
				EA5957CA1CAAFA2200BAFEA3 /* pianta.png in Resources */,
				EA59579E1CAACCAC00BAFEA3 /* Up.png in Resources */,
				EA5957C21CAAEE5300BAFEA3 /* basso.png in Resources */,
				EA59578F1CAAC6F200BAFEA3 /* Auto off2x.png in Resources */,
				EA5957BC1CAAD55800BAFEA3 /* tesiicona29x3.png in Resources */,
				EA5957BD1CAAD55800BAFEA3 /* tesiicona40x2.png in Resources */,
				EA5957A61CAACCFF00BAFEA3 /* Downpress.png in Resources */,
				EA5957931CAAC6F200BAFEA3 /* Manual on2x.png in Resources */,
				EA3DFDD01CAB3AD300B5BBA8 /* bottom passivo.png in Resources */,
				EA5957911CAAC6F200BAFEA3 /* Auto press2x.png in Resources */,
				EA5957901CAAC6F200BAFEA3 /* Auto on2x.png in Resources */,
				EA3DFDCA1CAB1B6300B5BBA8 /* auto.png in Resources */,
				EA5957961CAAC97D00BAFEA3 /* Livingroom.png in Resources */,
				EA5957921CAAC6F200BAFEA3 /* Manual off2x.png in Resources */,
				EA59579D1CAACCAC00BAFEA3 /* Down.png in Resources */,
				EA59579F1CAACCAC00BAFEA3 /* Upfc.png in Resources */,
				EA5957C01CAAEB3300BAFEA3 /* slide.png in Resources */,
				EA5957A81CAACCFF00BAFEA3 /* Downfcpress.png in Resources */,
				EA5957BE1CAAD55800BAFEA3 /* tesiicona29x2.png in Resources */,
				EA5957C61CAAEF9100BAFEA3 /* manual.png in Resources */,
				EA5957C51CAAEF9100BAFEA3 /* automatic.png in Resources */,
				EA5957981CAACB4000BAFEA3 /* bedroom.png in Resources */,
				EA3DFDCE1CAB39B200B5BBA8 /* manuale.png in Resources */,
				EA5957A01CAACCAC00BAFEA3 /* Downfc.png in Resources */,
				EA067A321C9EB65E00CD426B /* Main.storyboard in Resources */,
			);
			runOnlyForDeploymentPostprocessing = 0;
		};
		EA067A3B1C9EB65E00CD426B /* Resources */ = {
			isa = PBXResourcesBuildPhase;
			buildActionMask = 2147483647;
			files = (
			);
			runOnlyForDeploymentPostprocessing = 0;
		};
		EA067A461C9EB65E00CD426B /* Resources */ = {
			isa = PBXResourcesBuildPhase;
			buildActionMask = 2147483647;
			files = (
			);
			runOnlyForDeploymentPostprocessing = 0;
		};
/* End PBXResourcesBuildPhase section */

/* Begin PBXSourcesBuildPhase section */
		EA067A251C9EB65E00CD426B /* Sources */ = {
			isa = PBXSourcesBuildPhase;
			buildActionMask = 2147483647;
			files = (
				EA067A2F1C9EB65E00CD426B /* ViewController.swift in Sources */,
				EA067A661C9F290B00CD426B /* PeriodicReader.swift in Sources */,
				EA067A2D1C9EB65E00CD426B /* AppDelegate.swift in Sources */,
				EA067A641C9F1D4500CD426B /* BlynkClient.swift in Sources */,
			);
			runOnlyForDeploymentPostprocessing = 0;
		};
		EA067A391C9EB65E00CD426B /* Sources */ = {
			isa = PBXSourcesBuildPhase;
			buildActionMask = 2147483647;
			files = (
				EA067A421C9EB65E00CD426B /* tesiswiftTests.swift in Sources */,
			);
			runOnlyForDeploymentPostprocessing = 0;
		};
		EA067A441C9EB65E00CD426B /* Sources */ = {
			isa = PBXSourcesBuildPhase;
			buildActionMask = 2147483647;
			files = (
				EA067A4D1C9EB65E00CD426B /* tesiswiftUITests.swift in Sources */,
			);
			runOnlyForDeploymentPostprocessing = 0;
		};
/* End PBXSourcesBuildPhase section */

/* Begin PBXTargetDependency section */
		EA067A3F1C9EB65E00CD426B /* PBXTargetDependency */ = {
			isa = PBXTargetDependency;
			target = EA067A281C9EB65E00CD426B /* tesiswift */;
			targetProxy = EA067A3E1C9EB65E00CD426B /* PBXContainerItemProxy */;
		};
		EA067A4A1C9EB65E00CD426B /* PBXTargetDependency */ = {
			isa = PBXTargetDependency;
			target = EA067A281C9EB65E00CD426B /* tesiswift */;
			targetProxy = EA067A491C9EB65E00CD426B /* PBXContainerItemProxy */;
		};
/* End PBXTargetDependency section */

/* Begin PBXVariantGroup section */
		EA067A301C9EB65E00CD426B /* Main.storyboard */ = {
			isa = PBXVariantGroup;
			children = (
				EA067A311C9EB65E00CD426B /* Base */,
			);
			name = Main.storyboard;
			sourceTree = "<group>";
		};
		EA067A351C9EB65E00CD426B /* LaunchScreen.storyboard */ = {
			isa = PBXVariantGroup;
			children = (
				EA067A361C9EB65E00CD426B /* Base */,
			);
			name = LaunchScreen.storyboard;
			sourceTree = "<group>";
		};
/* End PBXVariantGroup section */

/* Begin XCBuildConfiguration section */
		EA067A4F1C9EB65E00CD426B /* Debug */ = {
			isa = XCBuildConfiguration;
			buildSettings = {
				ALWAYS_SEARCH_USER_PATHS = NO;
				CLANG_CXX_LANGUAGE_STANDARD = "gnu++0x";
				CLANG_CXX_LIBRARY = "libc++";
				CLANG_ENABLE_MODULES = YES;
				CLANG_ENABLE_OBJC_ARC = YES;
				CLANG_WARN_BOOL_CONVERSION = YES;
				CLANG_WARN_CONSTANT_CONVERSION = YES;
				CLANG_WARN_DIRECT_OBJC_ISA_USAGE = YES_ERROR;
				CLANG_WARN_EMPTY_BODY = YES;
				CLANG_WARN_ENUM_CONVERSION = YES;
				CLANG_WARN_INT_CONVERSION = YES;
				CLANG_WARN_OBJC_ROOT_CLASS = YES_ERROR;
				CLANG_WARN_UNREACHABLE_CODE = YES;
				CLANG_WARN__DUPLICATE_METHOD_MATCH = YES;
				"CODE_SIGN_IDENTITY[sdk=iphoneos*]" = "iPhone Developer";
				COPY_PHASE_STRIP = NO;
				DEBUG_INFORMATION_FORMAT = dwarf;
				ENABLE_STRICT_OBJC_MSGSEND = YES;
				ENABLE_TESTABILITY = YES;
				GCC_C_LANGUAGE_STANDARD = gnu99;
				GCC_DYNAMIC_NO_PIC = NO;
				GCC_NO_COMMON_BLOCKS = YES;
				GCC_OPTIMIZATION_LEVEL = 0;
				GCC_PREPROCESSOR_DEFINITIONS = (
					"DEBUG=1",
					"$(inherited)",
				);
				GCC_WARN_64_TO_32_BIT_CONVERSION = YES;
				GCC_WARN_ABOUT_RETURN_TYPE = YES_ERROR;
				GCC_WARN_UNDECLARED_SELECTOR = YES;
				GCC_WARN_UNINITIALIZED_AUTOS = YES_AGGRESSIVE;
				GCC_WARN_UNUSED_FUNCTION = YES;
				GCC_WARN_UNUSED_VARIABLE = YES;
				IPHONEOS_DEPLOYMENT_TARGET = 9.2;
				MTL_ENABLE_DEBUG_INFO = YES;
				ONLY_ACTIVE_ARCH = YES;
				SDKROOT = iphoneos;
				SWIFT_OPTIMIZATION_LEVEL = "-Onone";
			};
			name = Debug;
		};
		EA067A501C9EB65E00CD426B /* Release */ = {
			isa = XCBuildConfiguration;
			buildSettings = {
				ALWAYS_SEARCH_USER_PATHS = NO;
				CLANG_CXX_LANGUAGE_STANDARD = "gnu++0x";
				CLANG_CXX_LIBRARY = "libc++";
				CLANG_ENABLE_MODULES = YES;
				CLANG_ENABLE_OBJC_ARC = YES;
				CLANG_WARN_BOOL_CONVERSION = YES;
				CLANG_WARN_CONSTANT_CONVERSION = YES;
				CLANG_WARN_DIRECT_OBJC_ISA_USAGE = YES_ERROR;
				CLANG_WARN_EMPTY_BODY = YES;
				CLANG_WARN_ENUM_CONVERSION = YES;
				CLANG_WARN_INT_CONVERSION = YES;
				CLANG_WARN_OBJC_ROOT_CLASS = YES_ERROR;
				CLANG_WARN_UNREACHABLE_CODE = YES;
				CLANG_WARN__DUPLICATE_METHOD_MATCH = YES;
				"CODE_SIGN_IDENTITY[sdk=iphoneos*]" = "iPhone Developer";
				COPY_PHASE_STRIP = NO;
				DEBUG_INFORMATION_FORMAT = "dwarf-with-dsym";
				ENABLE_NS_ASSERTIONS = NO;
				ENABLE_STRICT_OBJC_MSGSEND = YES;
				GCC_C_LANGUAGE_STANDARD = gnu99;
				GCC_NO_COMMON_BLOCKS = YES;
				GCC_WARN_64_TO_32_BIT_CONVERSION = YES;
				GCC_WARN_ABOUT_RETURN_TYPE = YES_ERROR;
				GCC_WARN_UNDECLARED_SELECTOR = YES;
				GCC_WARN_UNINITIALIZED_AUTOS = YES_AGGRESSIVE;
				GCC_WARN_UNUSED_FUNCTION = YES;
				GCC_WARN_UNUSED_VARIABLE = YES;
				IPHONEOS_DEPLOYMENT_TARGET = 9.2;
				MTL_ENABLE_DEBUG_INFO = NO;
				SDKROOT = iphoneos;
				VALIDATE_PRODUCT = YES;
			};
			name = Release;
		};
		EA067A521C9EB65E00CD426B /* Debug */ = {
			isa = XCBuildConfiguration;
			buildSettings = {
				ASSETCATALOG_COMPILER_APPICON_NAME = AppIcon;
				ASSETCATALOG_COMPILER_LAUNCHIMAGE_NAME = "Brand Assets";
				FRAMEWORK_SEARCH_PATHS = (
					"$(inherited)",
					"$(PROJECT_DIR)/Carthage/Build/Mac",
					"$(PROJECT_DIR)/Carthage/Build/iOS",
				);
				INFOPLIST_FILE = tesiswift/Info.plist;
				LD_RUNPATH_SEARCH_PATHS = "$(inherited) @executable_path/Frameworks";
				PRODUCT_BUNDLE_IDENTIFIER = Anto.tesiswift;
				PRODUCT_NAME = "$(TARGET_NAME)";
			};
			name = Debug;
		};
		EA067A531C9EB65E00CD426B /* Release */ = {
			isa = XCBuildConfiguration;
			buildSettings = {
				ASSETCATALOG_COMPILER_APPICON_NAME = AppIcon;
				ASSETCATALOG_COMPILER_LAUNCHIMAGE_NAME = "Brand Assets";
				FRAMEWORK_SEARCH_PATHS = (
					"$(inherited)",
					"$(PROJECT_DIR)/Carthage/Build/Mac",
					"$(PROJECT_DIR)/Carthage/Build/iOS",
				);
				INFOPLIST_FILE = tesiswift/Info.plist;
				LD_RUNPATH_SEARCH_PATHS = "$(inherited) @executable_path/Frameworks";
				PRODUCT_BUNDLE_IDENTIFIER = Anto.tesiswift;
				PRODUCT_NAME = "$(TARGET_NAME)";
			};
			name = Release;
		};
		EA067A551C9EB65E00CD426B /* Debug */ = {
			isa = XCBuildConfiguration;
			buildSettings = {
				BUNDLE_LOADER = "$(TEST_HOST)";
				INFOPLIST_FILE = tesiswiftTests/Info.plist;
				LD_RUNPATH_SEARCH_PATHS = "$(inherited) @executable_path/Frameworks @loader_path/Frameworks";
				PRODUCT_BUNDLE_IDENTIFIER = Anto.tesiswiftTests;
				PRODUCT_NAME = "$(TARGET_NAME)";
				TEST_HOST = "$(BUILT_PRODUCTS_DIR)/tesiswift.app/tesiswift";
			};
			name = Debug;
		};
		EA067A561C9EB65E00CD426B /* Release */ = {
			isa = XCBuildConfiguration;
			buildSettings = {
				BUNDLE_LOADER = "$(TEST_HOST)";
				INFOPLIST_FILE = tesiswiftTests/Info.plist;
				LD_RUNPATH_SEARCH_PATHS = "$(inherited) @executable_path/Frameworks @loader_path/Frameworks";
				PRODUCT_BUNDLE_IDENTIFIER = Anto.tesiswiftTests;
				PRODUCT_NAME = "$(TARGET_NAME)";
				TEST_HOST = "$(BUILT_PRODUCTS_DIR)/tesiswift.app/tesiswift";
			};
			name = Release;
		};
		EA067A581C9EB65E00CD426B /* Debug */ = {
			isa = XCBuildConfiguration;
			buildSettings = {
				INFOPLIST_FILE = tesiswiftUITests/Info.plist;
				LD_RUNPATH_SEARCH_PATHS = "$(inherited) @executable_path/Frameworks @loader_path/Frameworks";
				PRODUCT_BUNDLE_IDENTIFIER = Anto.tesiswiftUITests;
				PRODUCT_NAME = "$(TARGET_NAME)";
				TEST_TARGET_NAME = tesiswift;
				USES_XCTRUNNER = YES;
			};
			name = Debug;
		};
		EA067A591C9EB65E00CD426B /* Release */ = {
			isa = XCBuildConfiguration;
			buildSettings = {
				INFOPLIST_FILE = tesiswiftUITests/Info.plist;
				LD_RUNPATH_SEARCH_PATHS = "$(inherited) @executable_path/Frameworks @loader_path/Frameworks";
				PRODUCT_BUNDLE_IDENTIFIER = Anto.tesiswiftUITests;
				PRODUCT_NAME = "$(TARGET_NAME)";
				TEST_TARGET_NAME = tesiswift;
				USES_XCTRUNNER = YES;
			};
			name = Release;
		};
/* End XCBuildConfiguration section */

/* Begin XCConfigurationList section */
		EA067A241C9EB65E00CD426B /* Build configuration list for PBXProject "tesiswift" */ = {
			isa = XCConfigurationList;
			buildConfigurations = (
				EA067A4F1C9EB65E00CD426B /* Debug */,
				EA067A501C9EB65E00CD426B /* Release */,
			);
			defaultConfigurationIsVisible = 0;
			defaultConfigurationName = Release;
		};
		EA067A511C9EB65E00CD426B /* Build configuration list for PBXNativeTarget "tesiswift" */ = {
			isa = XCConfigurationList;
			buildConfigurations = (
				EA067A521C9EB65E00CD426B /* Debug */,
				EA067A531C9EB65E00CD426B /* Release */,
			);
			defaultConfigurationIsVisible = 0;
			defaultConfigurationName = Release;
		};
		EA067A541C9EB65E00CD426B /* Build configuration list for PBXNativeTarget "tesiswiftTests" */ = {
			isa = XCConfigurationList;
			buildConfigurations = (
				EA067A551C9EB65E00CD426B /* Debug */,
				EA067A561C9EB65E00CD426B /* Release */,
			);
			defaultConfigurationIsVisible = 0;
			defaultConfigurationName = Release;
		};
		EA067A571C9EB65E00CD426B /* Build configuration list for PBXNativeTarget "tesiswiftUITests" */ = {
			isa = XCConfigurationList;
			buildConfigurations = (
				EA067A581C9EB65E00CD426B /* Debug */,
				EA067A591C9EB65E00CD426B /* Release */,
			);
			defaultConfigurationIsVisible = 0;
			defaultConfigurationName = Release;
		};
/* End XCConfigurationList section */
	};
	rootObject = EA067A211C9EB65E00CD426B /* Project object */;
}
